// !$*UTF8*$!
{
	archiveVersion = 1;
	classes = {
	};
	objectVersion = 51;
	objects = {

/* Begin PBXBuildFile section */
		1700C09222C3E5BA00E628DD /* Utile.swift in Sources */ = {isa = PBXBuildFile; fileRef = 1700C09122C3E5BA00E628DD /* Utile.swift */; };
		1700C09522C3E64600E628DD /* UIDevice+Extension.swift in Sources */ = {isa = PBXBuildFile; fileRef = 1700C09422C3E64600E628DD /* UIDevice+Extension.swift */; };
		1700C09722C3E69100E628DD /* UIColor+Extension.swift in Sources */ = {isa = PBXBuildFile; fileRef = 1700C09622C3E69100E628DD /* UIColor+Extension.swift */; };
		1700C09A22C3FDDE00E628DD /* SectionTableViewCell.swift in Sources */ = {isa = PBXBuildFile; fileRef = 1700C09922C3FDDE00E628DD /* SectionTableViewCell.swift */; };
		1700C09C22C3FE0F00E628DD /* IngredientsTableViewCell.swift in Sources */ = {isa = PBXBuildFile; fileRef = 1700C09B22C3FE0F00E628DD /* IngredientsTableViewCell.swift */; };
		17B1E6A522C4F28A0011613F /* AddStepsHeaderCell.swift in Sources */ = {isa = PBXBuildFile; fileRef = 17B1E6A422C4F28A0011613F /* AddStepsHeaderCell.swift */; };
		17B1E6A722C4F7690011613F /* AddStepsTableViewCell.swift in Sources */ = {isa = PBXBuildFile; fileRef = 17B1E6A622C4F7690011613F /* AddStepsTableViewCell.swift */; };
		17C536E422C4847500997654 /* ImagePickerManager.swift in Sources */ = {isa = PBXBuildFile; fileRef = 17C536E322C4847500997654 /* ImagePickerManager.swift */; };
		17C536E622C48A9700997654 /* Constants.swift in Sources */ = {isa = PBXBuildFile; fileRef = 17C536E522C48A9700997654 /* Constants.swift */; };
		17C536E822C4A03800997654 /* AddIngredientsTableViewCell.swift in Sources */ = {isa = PBXBuildFile; fileRef = 17C536E722C4A03800997654 /* AddIngredientsTableViewCell.swift */; };
		17C536EA22C4A6EB00997654 /* AddIngredientsHeaderCell.swift in Sources */ = {isa = PBXBuildFile; fileRef = 17C536E922C4A6EB00997654 /* AddIngredientsHeaderCell.swift */; };
		1E66543DE68B6DAADE78FBDF /* Pods_FamilyFinanceTest.framework in Frameworks */ = {isa = PBXBuildFile; fileRef = 598AD95BDB91B2E8DC6199F2 /* Pods_FamilyFinanceTest.framework */; };
		3E32070422C235AB00FF0E3E /* AppDelegate.swift in Sources */ = {isa = PBXBuildFile; fileRef = 3E32070322C235AB00FF0E3E /* AppDelegate.swift */; };
		3E32070922C235AB00FF0E3E /* Main.storyboard in Resources */ = {isa = PBXBuildFile; fileRef = 3E32070722C235AB00FF0E3E /* Main.storyboard */; };
		3E32070C22C235AB00FF0E3E /* FamilyFinanceTest.xcdatamodeld in Sources */ = {isa = PBXBuildFile; fileRef = 3E32070A22C235AB00FF0E3E /* FamilyFinanceTest.xcdatamodeld */; };
		3E32070E22C235AC00FF0E3E /* Assets.xcassets in Resources */ = {isa = PBXBuildFile; fileRef = 3E32070D22C235AC00FF0E3E /* Assets.xcassets */; };
		3E32071122C235AC00FF0E3E /* LaunchScreen.storyboard in Resources */ = {isa = PBXBuildFile; fileRef = 3E32070F22C235AC00FF0E3E /* LaunchScreen.storyboard */; };
		3E32071922C2362600FF0E3E /* DetailViewController.swift in Sources */ = {isa = PBXBuildFile; fileRef = 3E32071822C2362600FF0E3E /* DetailViewController.swift */; };
		3E32071B22C2364E00FF0E3E /* ListTableViewController.swift in Sources */ = {isa = PBXBuildFile; fileRef = 3E32071A22C2364E00FF0E3E /* ListTableViewController.swift */; };
		3E32071D22C236B400FF0E3E /* ListTableViewCell.swift in Sources */ = {isa = PBXBuildFile; fileRef = 3E32071C22C236B400FF0E3E /* ListTableViewCell.swift */; };
		3E32071F22C2375100FF0E3E /* AddViewController.swift in Sources */ = {isa = PBXBuildFile; fileRef = 3E32071E22C2375100FF0E3E /* AddViewController.swift */; };
		3E32072522C2415F00FF0E3E /* ListDataModal.swift in Sources */ = {isa = PBXBuildFile; fileRef = 3E32072422C2415F00FF0E3E /* ListDataModal.swift */; };
/* End PBXBuildFile section */

/* Begin PBXFileReference section */
		12F84C16391BBF509A3BB4C4 /* Pods-FamilyFinanceTest.debug.xcconfig */ = {isa = PBXFileReference; includeInIndex = 1; lastKnownFileType = text.xcconfig; name = "Pods-FamilyFinanceTest.debug.xcconfig"; path = "Target Support Files/Pods-FamilyFinanceTest/Pods-FamilyFinanceTest.debug.xcconfig"; sourceTree = "<group>"; };
		1700C09122C3E5BA00E628DD /* Utile.swift */ = {isa = PBXFileReference; lastKnownFileType = sourcecode.swift; path = Utile.swift; sourceTree = "<group>"; };
		1700C09422C3E64600E628DD /* UIDevice+Extension.swift */ = {isa = PBXFileReference; lastKnownFileType = sourcecode.swift; path = "UIDevice+Extension.swift"; sourceTree = "<group>"; };
		1700C09622C3E69100E628DD /* UIColor+Extension.swift */ = {isa = PBXFileReference; lastKnownFileType = sourcecode.swift; path = "UIColor+Extension.swift"; sourceTree = "<group>"; };
		1700C09922C3FDDE00E628DD /* SectionTableViewCell.swift */ = {isa = PBXFileReference; lastKnownFileType = sourcecode.swift; path = SectionTableViewCell.swift; sourceTree = "<group>"; };
		1700C09B22C3FE0F00E628DD /* IngredientsTableViewCell.swift */ = {isa = PBXFileReference; lastKnownFileType = sourcecode.swift; path = IngredientsTableViewCell.swift; sourceTree = "<group>"; };
		17B1E6A422C4F28A0011613F /* AddStepsHeaderCell.swift */ = {isa = PBXFileReference; lastKnownFileType = sourcecode.swift; path = AddStepsHeaderCell.swift; sourceTree = "<group>"; };
		17B1E6A622C4F7690011613F /* AddStepsTableViewCell.swift */ = {isa = PBXFileReference; lastKnownFileType = sourcecode.swift; path = AddStepsTableViewCell.swift; sourceTree = "<group>"; };
		17C536E322C4847500997654 /* ImagePickerManager.swift */ = {isa = PBXFileReference; fileEncoding = 4; lastKnownFileType = sourcecode.swift; path = ImagePickerManager.swift; sourceTree = "<group>"; };
		17C536E522C48A9700997654 /* Constants.swift */ = {isa = PBXFileReference; lastKnownFileType = sourcecode.swift; path = Constants.swift; sourceTree = "<group>"; };
		17C536E722C4A03800997654 /* AddIngredientsTableViewCell.swift */ = {isa = PBXFileReference; lastKnownFileType = sourcecode.swift; path = AddIngredientsTableViewCell.swift; sourceTree = "<group>"; };
		17C536E922C4A6EB00997654 /* AddIngredientsHeaderCell.swift */ = {isa = PBXFileReference; lastKnownFileType = sourcecode.swift; path = AddIngredientsHeaderCell.swift; sourceTree = "<group>"; };
		3E32070022C235AB00FF0E3E /* FamilyFinanceTest.app */ = {isa = PBXFileReference; explicitFileType = wrapper.application; includeInIndex = 0; path = FamilyFinanceTest.app; sourceTree = BUILT_PRODUCTS_DIR; };
		3E32070322C235AB00FF0E3E /* AppDelegate.swift */ = {isa = PBXFileReference; lastKnownFileType = sourcecode.swift; path = AppDelegate.swift; sourceTree = "<group>"; };
		3E32070822C235AB00FF0E3E /* Base */ = {isa = PBXFileReference; lastKnownFileType = file.storyboard; name = Base; path = Base.lproj/Main.storyboard; sourceTree = "<group>"; };
		3E32070B22C235AB00FF0E3E /* FamilyFinanceTest.xcdatamodel */ = {isa = PBXFileReference; lastKnownFileType = wrapper.xcdatamodel; path = FamilyFinanceTest.xcdatamodel; sourceTree = "<group>"; };
		3E32070D22C235AC00FF0E3E /* Assets.xcassets */ = {isa = PBXFileReference; lastKnownFileType = folder.assetcatalog; path = Assets.xcassets; sourceTree = "<group>"; };
		3E32071022C235AC00FF0E3E /* Base */ = {isa = PBXFileReference; lastKnownFileType = file.storyboard; name = Base; path = Base.lproj/LaunchScreen.storyboard; sourceTree = "<group>"; };
		3E32071222C235AC00FF0E3E /* Info.plist */ = {isa = PBXFileReference; lastKnownFileType = text.plist.xml; path = Info.plist; sourceTree = "<group>"; };
		3E32071822C2362600FF0E3E /* DetailViewController.swift */ = {isa = PBXFileReference; lastKnownFileType = sourcecode.swift; path = DetailViewController.swift; sourceTree = "<group>"; };
		3E32071A22C2364E00FF0E3E /* ListTableViewController.swift */ = {isa = PBXFileReference; lastKnownFileType = sourcecode.swift; path = ListTableViewController.swift; sourceTree = "<group>"; };
		3E32071C22C236B400FF0E3E /* ListTableViewCell.swift */ = {isa = PBXFileReference; lastKnownFileType = sourcecode.swift; path = ListTableViewCell.swift; sourceTree = "<group>"; };
		3E32071E22C2375100FF0E3E /* AddViewController.swift */ = {isa = PBXFileReference; lastKnownFileType = sourcecode.swift; path = AddViewController.swift; sourceTree = "<group>"; };
		3E32072422C2415F00FF0E3E /* ListDataModal.swift */ = {isa = PBXFileReference; lastKnownFileType = sourcecode.swift; path = ListDataModal.swift; sourceTree = "<group>"; };
		598AD95BDB91B2E8DC6199F2 /* Pods_FamilyFinanceTest.framework */ = {isa = PBXFileReference; explicitFileType = wrapper.framework; includeInIndex = 0; path = Pods_FamilyFinanceTest.framework; sourceTree = BUILT_PRODUCTS_DIR; };
		5FE6423A81B21F3DE04AB744 /* Pods-FamilyFinanceTest.release.xcconfig */ = {isa = PBXFileReference; includeInIndex = 1; lastKnownFileType = text.xcconfig; name = "Pods-FamilyFinanceTest.release.xcconfig"; path = "Target Support Files/Pods-FamilyFinanceTest/Pods-FamilyFinanceTest.release.xcconfig"; sourceTree = "<group>"; };
/* End PBXFileReference section */

/* Begin PBXFrameworksBuildPhase section */
		3E3206FD22C235AB00FF0E3E /* Frameworks */ = {
			isa = PBXFrameworksBuildPhase;
			buildActionMask = 2147483647;
			files = (
				1E66543DE68B6DAADE78FBDF /* Pods_FamilyFinanceTest.framework in Frameworks */,
			);
			runOnlyForDeploymentPostprocessing = 0;
		};
/* End PBXFrameworksBuildPhase section */

/* Begin PBXGroup section */
		1700C09022C3E56000E628DD /* Utilities */ = {
			isa = PBXGroup;
			children = (
				17C536E322C4847500997654 /* ImagePickerManager.swift */,
				1700C09122C3E5BA00E628DD /* Utile.swift */,
				17C536E522C48A9700997654 /* Constants.swift */,
			);
			path = Utilities;
			sourceTree = "<group>";
		};
		1700C09322C3E62F00E628DD /* Extensions */ = {
			isa = PBXGroup;
			children = (
				1700C09422C3E64600E628DD /* UIDevice+Extension.swift */,
				1700C09622C3E69100E628DD /* UIColor+Extension.swift */,
			);
			path = Extensions;
			sourceTree = "<group>";
		};
		1700C09822C3FDAD00E628DD /* Cells */ = {
			isa = PBXGroup;
			children = (
				1700C09922C3FDDE00E628DD /* SectionTableViewCell.swift */,
				1700C09B22C3FE0F00E628DD /* IngredientsTableViewCell.swift */,
				17C536E722C4A03800997654 /* AddIngredientsTableViewCell.swift */,
				17C536E922C4A6EB00997654 /* AddIngredientsHeaderCell.swift */,
				17B1E6A422C4F28A0011613F /* AddStepsHeaderCell.swift */,
				17B1E6A622C4F7690011613F /* AddStepsTableViewCell.swift */,
			);
			path = Cells;
			sourceTree = "<group>";
		};
		3A94DE6000476BED60CDDA56 /* Pods */ = {
			isa = PBXGroup;
			children = (
				12F84C16391BBF509A3BB4C4 /* Pods-FamilyFinanceTest.debug.xcconfig */,
				5FE6423A81B21F3DE04AB744 /* Pods-FamilyFinanceTest.release.xcconfig */,
			);
			path = Pods;
			sourceTree = "<group>";
		};
		3E3206F722C235AB00FF0E3E = {
			isa = PBXGroup;
			children = (
				3E32070222C235AB00FF0E3E /* FamilyFinanceTest */,
				3E32070122C235AB00FF0E3E /* Products */,
				3A94DE6000476BED60CDDA56 /* Pods */,
				B1A67D8FAEF5CF2258A3BD08 /* Frameworks */,
			);
			sourceTree = "<group>";
		};
		3E32070122C235AB00FF0E3E /* Products */ = {
			isa = PBXGroup;
			children = (
				3E32070022C235AB00FF0E3E /* FamilyFinanceTest.app */,
			);
			name = Products;
			sourceTree = "<group>";
		};
		3E32070222C235AB00FF0E3E /* FamilyFinanceTest */ = {
			isa = PBXGroup;
			children = (
				1700C09322C3E62F00E628DD /* Extensions */,
				1700C09022C3E56000E628DD /* Utilities */,
				3E32072022C2375E00FF0E3E /* AppDelegate */,
				3E32072122C2376F00FF0E3E /* Modal */,
				3E32072222C2377500FF0E3E /* View */,
				3E32072322C2379800FF0E3E /* Controller */,
				3E32071222C235AC00FF0E3E /* Info.plist */,
				3E32070A22C235AB00FF0E3E /* FamilyFinanceTest.xcdatamodeld */,
			);
			path = FamilyFinanceTest;
			sourceTree = "<group>";
		};
		3E32072022C2375E00FF0E3E /* AppDelegate */ = {
			isa = PBXGroup;
			children = (
				3E32070322C235AB00FF0E3E /* AppDelegate.swift */,
			);
			path = AppDelegate;
			sourceTree = "<group>";
		};
		3E32072122C2376F00FF0E3E /* Modal */ = {
			isa = PBXGroup;
			children = (
				3E32072422C2415F00FF0E3E /* ListDataModal.swift */,
			);
			path = Modal;
			sourceTree = "<group>";
		};
		3E32072222C2377500FF0E3E /* View */ = {
			isa = PBXGroup;
			children = (
				1700C09822C3FDAD00E628DD /* Cells */,
				3E32070722C235AB00FF0E3E /* Main.storyboard */,
				3E32070D22C235AC00FF0E3E /* Assets.xcassets */,
				3E32070F22C235AC00FF0E3E /* LaunchScreen.storyboard */,
			);
			path = View;
			sourceTree = "<group>";
		};
		3E32072322C2379800FF0E3E /* Controller */ = {
			isa = PBXGroup;
			children = (
				3E32071A22C2364E00FF0E3E /* ListTableViewController.swift */,
				3E32071C22C236B400FF0E3E /* ListTableViewCell.swift */,
				3E32071822C2362600FF0E3E /* DetailViewController.swift */,
				3E32071E22C2375100FF0E3E /* AddViewController.swift */,
			);
			path = Controller;
			sourceTree = "<group>";
		};
		B1A67D8FAEF5CF2258A3BD08 /* Frameworks */ = {
			isa = PBXGroup;
			children = (
				598AD95BDB91B2E8DC6199F2 /* Pods_FamilyFinanceTest.framework */,
			);
			name = Frameworks;
			sourceTree = "<group>";
		};
/* End PBXGroup section */

/* Begin PBXNativeTarget section */
		3E3206FF22C235AB00FF0E3E /* FamilyFinanceTest */ = {
			isa = PBXNativeTarget;
			buildConfigurationList = 3E32071522C235AC00FF0E3E /* Build configuration list for PBXNativeTarget "FamilyFinanceTest" */;
			buildPhases = (
				1A78148C30BF4739BAA2559C /* [CP] Check Pods Manifest.lock */,
				3E3206FC22C235AB00FF0E3E /* Sources */,
				3E3206FD22C235AB00FF0E3E /* Frameworks */,
				3E3206FE22C235AB00FF0E3E /* Resources */,
				72F3CDBDB41FB0F04DA9A34A /* [CP] Embed Pods Frameworks */,
			);
			buildRules = (
			);
			dependencies = (
			);
			name = FamilyFinanceTest;
			productName = FamilyFinanceTest;
			productReference = 3E32070022C235AB00FF0E3E /* FamilyFinanceTest.app */;
			productType = "com.apple.product-type.application";
		};
/* End PBXNativeTarget section */

/* Begin PBXProject section */
		3E3206F822C235AB00FF0E3E /* Project object */ = {
			isa = PBXProject;
			attributes = {
				LastSwiftUpdateCheck = 1020;
				LastUpgradeCheck = 1020;
				ORGANIZATIONNAME = "ÇağkanTaştekin";
				TargetAttributes = {
					3E3206FF22C235AB00FF0E3E = {
						CreatedOnToolsVersion = 10.2.1;
					};
				};
			};
			buildConfigurationList = 3E3206FB22C235AB00FF0E3E /* Build configuration list for PBXProject "FamilyFinanceTest" */;
			compatibilityVersion = "Xcode 9.3";
			developmentRegion = en;
			hasScannedForEncodings = 0;
			knownRegions = (
				en,
				Base,
			);
			mainGroup = 3E3206F722C235AB00FF0E3E;
			productRefGroup = 3E32070122C235AB00FF0E3E /* Products */;
			projectDirPath = "";
			projectRoot = "";
			targets = (
				3E3206FF22C235AB00FF0E3E /* FamilyFinanceTest */,
			);
		};
/* End PBXProject section */

/* Begin PBXResourcesBuildPhase section */
		3E3206FE22C235AB00FF0E3E /* Resources */ = {
			isa = PBXResourcesBuildPhase;
			buildActionMask = 2147483647;
			files = (
				3E32071122C235AC00FF0E3E /* LaunchScreen.storyboard in Resources */,
				3E32070E22C235AC00FF0E3E /* Assets.xcassets in Resources */,
				3E32070922C235AB00FF0E3E /* Main.storyboard in Resources */,
			);
			runOnlyForDeploymentPostprocessing = 0;
		};
/* End PBXResourcesBuildPhase section */

/* Begin PBXShellScriptBuildPhase section */
		1A78148C30BF4739BAA2559C /* [CP] Check Pods Manifest.lock */ = {
			isa = PBXShellScriptBuildPhase;
			buildActionMask = 2147483647;
			files = (
			);
			inputFileListPaths = (
			);
			inputPaths = (
				"${PODS_PODFILE_DIR_PATH}/Podfile.lock",
				"${PODS_ROOT}/Manifest.lock",
			);
			name = "[CP] Check Pods Manifest.lock";
			outputFileListPaths = (
			);
			outputPaths = (
				"$(DERIVED_FILE_DIR)/Pods-FamilyFinanceTest-checkManifestLockResult.txt",
			);
			runOnlyForDeploymentPostprocessing = 0;
			shellPath = /bin/sh;
			shellScript = "diff \"${PODS_PODFILE_DIR_PATH}/Podfile.lock\" \"${PODS_ROOT}/Manifest.lock\" > /dev/null\nif [ $? != 0 ] ; then\n    # print error to STDERR\n    echo \"error: The sandbox is not in sync with the Podfile.lock. Run 'pod install' or update your CocoaPods installation.\" >&2\n    exit 1\nfi\n# This output is used by Xcode 'outputs' to avoid re-running this script phase.\necho \"SUCCESS\" > \"${SCRIPT_OUTPUT_FILE_0}\"\n";
			showEnvVarsInLog = 0;
		};
		72F3CDBDB41FB0F04DA9A34A /* [CP] Embed Pods Frameworks */ = {
			isa = PBXShellScriptBuildPhase;
			buildActionMask = 2147483647;
			files = (
			);
			inputFileListPaths = (
				"${PODS_ROOT}/Target Support Files/Pods-FamilyFinanceTest/Pods-FamilyFinanceTest-frameworks-${CONFIGURATION}-input-files.xcfilelist",
			);
			name = "[CP] Embed Pods Frameworks";
			outputFileListPaths = (
				"${PODS_ROOT}/Target Support Files/Pods-FamilyFinanceTest/Pods-FamilyFinanceTest-frameworks-${CONFIGURATION}-output-files.xcfilelist",
			);
			runOnlyForDeploymentPostprocessing = 0;
			shellPath = /bin/sh;
			shellScript = "\"${PODS_ROOT}/Target Support Files/Pods-FamilyFinanceTest/Pods-FamilyFinanceTest-frameworks.sh\"\n";
			showEnvVarsInLog = 0;
		};
/* End PBXShellScriptBuildPhase section */

/* Begin PBXSourcesBuildPhase section */
		3E3206FC22C235AB00FF0E3E /* Sources */ = {
			isa = PBXSourcesBuildPhase;
			buildActionMask = 2147483647;
			files = (
				17B1E6A522C4F28A0011613F /* AddStepsHeaderCell.swift in Sources */,
				17C536E822C4A03800997654 /* AddIngredientsTableViewCell.swift in Sources */,
				1700C09C22C3FE0F00E628DD /* IngredientsTableViewCell.swift in Sources */,
				3E32071922C2362600FF0E3E /* DetailViewController.swift in Sources */,
				1700C09222C3E5BA00E628DD /* Utile.swift in Sources */,
				3E32070C22C235AB00FF0E3E /* FamilyFinanceTest.xcdatamodeld in Sources */,
				3E32071F22C2375100FF0E3E /* AddViewController.swift in Sources */,
				1700C09522C3E64600E628DD /* UIDevice+Extension.swift in Sources */,
				17C536EA22C4A6EB00997654 /* AddIngredientsHeaderCell.swift in Sources */,
				17B1E6A722C4F7690011613F /* AddStepsTableViewCell.swift in Sources */,
				1700C09A22C3FDDE00E628DD /* SectionTableViewCell.swift in Sources */,
				17C536E622C48A9700997654 /* Constants.swift in Sources */,
				3E32070422C235AB00FF0E3E /* AppDelegate.swift in Sources */,
				3E32072522C2415F00FF0E3E /* ListDataModal.swift in Sources */,
				3E32071B22C2364E00FF0E3E /* ListTableViewController.swift in Sources */,
				3E32071D22C236B400FF0E3E /* ListTableViewCell.swift in Sources */,
				17C536E422C4847500997654 /* ImagePickerManager.swift in Sources */,
				1700C09722C3E69100E628DD /* UIColor+Extension.swift in Sources */,
			);
			runOnlyForDeploymentPostprocessing = 0;
		};
/* End PBXSourcesBuildPhase section */

/* Begin PBXVariantGroup section */
		3E32070722C235AB00FF0E3E /* Main.storyboard */ = {
			isa = PBXVariantGroup;
			children = (
				3E32070822C235AB00FF0E3E /* Base */,
			);
			name = Main.storyboard;
			sourceTree = "<group>";
		};
		3E32070F22C235AC00FF0E3E /* LaunchScreen.storyboard */ = {
			isa = PBXVariantGroup;
			children = (
				3E32071022C235AC00FF0E3E /* Base */,
			);
			name = LaunchScreen.storyboard;
			sourceTree = "<group>";
		};
/* End PBXVariantGroup section */

/* Begin XCBuildConfiguration section */
		3E32071322C235AC00FF0E3E /* Debug */ = {
			isa = XCBuildConfiguration;
			buildSettings = {
				ALWAYS_SEARCH_USER_PATHS = NO;
				CLANG_ANALYZER_NONNULL = YES;
				CLANG_ANALYZER_NUMBER_OBJECT_CONVERSION = YES_AGGRESSIVE;
				CLANG_CXX_LANGUAGE_STANDARD = "gnu++14";
				CLANG_CXX_LIBRARY = "libc++";
				CLANG_ENABLE_MODULES = YES;
				CLANG_ENABLE_OBJC_ARC = YES;
				CLANG_ENABLE_OBJC_WEAK = YES;
				CLANG_WARN_BLOCK_CAPTURE_AUTORELEASING = YES;
				CLANG_WARN_BOOL_CONVERSION = YES;
				CLANG_WARN_COMMA = YES;
				CLANG_WARN_CONSTANT_CONVERSION = YES;
				CLANG_WARN_DEPRECATED_OBJC_IMPLEMENTATIONS = YES;
				CLANG_WARN_DIRECT_OBJC_ISA_USAGE = YES_ERROR;
				CLANG_WARN_DOCUMENTATION_COMMENTS = YES;
				CLANG_WARN_EMPTY_BODY = YES;
				CLANG_WARN_ENUM_CONVERSION = YES;
				CLANG_WARN_INFINITE_RECURSION = YES;
				CLANG_WARN_INT_CONVERSION = YES;
				CLANG_WARN_NON_LITERAL_NULL_CONVERSION = YES;
				CLANG_WARN_OBJC_IMPLICIT_RETAIN_SELF = YES;
				CLANG_WARN_OBJC_LITERAL_CONVERSION = YES;
				CLANG_WARN_OBJC_ROOT_CLASS = YES_ERROR;
				CLANG_WARN_RANGE_LOOP_ANALYSIS = YES;
				CLANG_WARN_STRICT_PROTOTYPES = YES;
				CLANG_WARN_SUSPICIOUS_MOVE = YES;
				CLANG_WARN_UNGUARDED_AVAILABILITY = YES_AGGRESSIVE;
				CLANG_WARN_UNREACHABLE_CODE = YES;
				CLANG_WARN__DUPLICATE_METHOD_MATCH = YES;
				CODE_SIGN_IDENTITY = "iPhone Developer";
				COPY_PHASE_STRIP = NO;
				DEBUG_INFORMATION_FORMAT = dwarf;
				ENABLE_STRICT_OBJC_MSGSEND = YES;
				ENABLE_TESTABILITY = YES;
				GCC_C_LANGUAGE_STANDARD = gnu11;
				GCC_DYNAMIC_NO_PIC = NO;
				GCC_NO_COMMON_BLOCKS = YES;
				GCC_OPTIMIZATION_LEVEL = 0;
				GCC_PREPROCESSOR_DEFINITIONS = (
					"DEBUG=1",
					"$(inherited)",
				);
				GCC_WARN_64_TO_32_BIT_CONVERSION = YES;
				GCC_WARN_ABOUT_RETURN_TYPE = YES_ERROR;
				GCC_WARN_UNDECLARED_SELECTOR = YES;
				GCC_WARN_UNINITIALIZED_AUTOS = YES_AGGRESSIVE;
				GCC_WARN_UNUSED_FUNCTION = YES;
				GCC_WARN_UNUSED_VARIABLE = YES;
				IPHONEOS_DEPLOYMENT_TARGET = 12.2;
				MTL_ENABLE_DEBUG_INFO = INCLUDE_SOURCE;
				MTL_FAST_MATH = YES;
				ONLY_ACTIVE_ARCH = YES;
				SDKROOT = iphoneos;
				SWIFT_ACTIVE_COMPILATION_CONDITIONS = DEBUG;
				SWIFT_OPTIMIZATION_LEVEL = "-Onone";
			};
			name = Debug;
		};
		3E32071422C235AC00FF0E3E /* Release */ = {
			isa = XCBuildConfiguration;
			buildSettings = {
				ALWAYS_SEARCH_USER_PATHS = NO;
				CLANG_ANALYZER_NONNULL = YES;
				CLANG_ANALYZER_NUMBER_OBJECT_CONVERSION = YES_AGGRESSIVE;
				CLANG_CXX_LANGUAGE_STANDARD = "gnu++14";
				CLANG_CXX_LIBRARY = "libc++";
				CLANG_ENABLE_MODULES = YES;
				CLANG_ENABLE_OBJC_ARC = YES;
				CLANG_ENABLE_OBJC_WEAK = YES;
				CLANG_WARN_BLOCK_CAPTURE_AUTORELEASING = YES;
				CLANG_WARN_BOOL_CONVERSION = YES;
				CLANG_WARN_COMMA = YES;
				CLANG_WARN_CONSTANT_CONVERSION = YES;
				CLANG_WARN_DEPRECATED_OBJC_IMPLEMENTATIONS = YES;
				CLANG_WARN_DIRECT_OBJC_ISA_USAGE = YES_ERROR;
				CLANG_WARN_DOCUMENTATION_COMMENTS = YES;
				CLANG_WARN_EMPTY_BODY = YES;
				CLANG_WARN_ENUM_CONVERSION = YES;
				CLANG_WARN_INFINITE_RECURSION = YES;
				CLANG_WARN_INT_CONVERSION = YES;
				CLANG_WARN_NON_LITERAL_NULL_CONVERSION = YES;
				CLANG_WARN_OBJC_IMPLICIT_RETAIN_SELF = YES;
				CLANG_WARN_OBJC_LITERAL_CONVERSION = YES;
				CLANG_WARN_OBJC_ROOT_CLASS = YES_ERROR;
				CLANG_WARN_RANGE_LOOP_ANALYSIS = YES;
				CLANG_WARN_STRICT_PROTOTYPES = YES;
				CLANG_WARN_SUSPICIOUS_MOVE = YES;
				CLANG_WARN_UNGUARDED_AVAILABILITY = YES_AGGRESSIVE;
				CLANG_WARN_UNREACHABLE_CODE = YES;
				CLANG_WARN__DUPLICATE_METHOD_MATCH = YES;
				CODE_SIGN_IDENTITY = "iPhone Developer";
				COPY_PHASE_STRIP = NO;
				DEBUG_INFORMATION_FORMAT = "dwarf-with-dsym";
				ENABLE_NS_ASSERTIONS = NO;
				ENABLE_STRICT_OBJC_MSGSEND = YES;
				GCC_C_LANGUAGE_STANDARD = gnu11;
				GCC_NO_COMMON_BLOCKS = YES;
				GCC_WARN_64_TO_32_BIT_CONVERSION = YES;
				GCC_WARN_ABOUT_RETURN_TYPE = YES_ERROR;
				GCC_WARN_UNDECLARED_SELECTOR = YES;
				GCC_WARN_UNINITIALIZED_AUTOS = YES_AGGRESSIVE;
				GCC_WARN_UNUSED_FUNCTION = YES;
				GCC_WARN_UNUSED_VARIABLE = YES;
				IPHONEOS_DEPLOYMENT_TARGET = 12.2;
				MTL_ENABLE_DEBUG_INFO = NO;
				MTL_FAST_MATH = YES;
				SDKROOT = iphoneos;
				SWIFT_COMPILATION_MODE = wholemodule;
				SWIFT_OPTIMIZATION_LEVEL = "-O";
				VALIDATE_PRODUCT = YES;
			};
			name = Release;
		};
		3E32071622C235AC00FF0E3E /* Debug */ = {
			isa = XCBuildConfiguration;
			baseConfigurationReference = 12F84C16391BBF509A3BB4C4 /* Pods-FamilyFinanceTest.debug.xcconfig */;
			buildSettings = {
				ASSETCATALOG_COMPILER_APPICON_NAME = AppIcon;
				CODE_SIGN_STYLE = Automatic;
				DEVELOPMENT_TEAM = A76SYFKB28;
				INFOPLIST_FILE = FamilyFinanceTest/Info.plist;
				LD_RUNPATH_SEARCH_PATHS = (
					"$(inherited)",
					"@executable_path/Frameworks",
				);
				PRODUCT_BUNDLE_IDENTIFIER = com.cagkan.FamilyFinanceTest;
				PRODUCT_NAME = "$(TARGET_NAME)";
				SWIFT_VERSION = 5.0;
				TARGETED_DEVICE_FAMILY = "1,2";
			};
			name = Debug;
		};
		3E32071722C235AC00FF0E3E /* Release */ = {
			isa = XCBuildConfiguration;
			baseConfigurationReference = 5FE6423A81B21F3DE04AB744 /* Pods-FamilyFinanceTest.release.xcconfig */;
			buildSettings = {
				ASSETCATALOG_COMPILER_APPICON_NAME = AppIcon;
				CODE_SIGN_STYLE = Automatic;
				DEVELOPMENT_TEAM = A76SYFKB28;
				INFOPLIST_FILE = FamilyFinanceTest/Info.plist;
				LD_RUNPATH_SEARCH_PATHS = (
					"$(inherited)",
					"@executable_path/Frameworks",
				);
				PRODUCT_BUNDLE_IDENTIFIER = com.cagkan.FamilyFinanceTest;
				PRODUCT_NAME = "$(TARGET_NAME)";
				SWIFT_VERSION = 5.0;
				TARGETED_DEVICE_FAMILY = "1,2";
			};
			name = Release;
		};
/* End XCBuildConfiguration section */

/* Begin XCConfigurationList section */
		3E3206FB22C235AB00FF0E3E /* Build configuration list for PBXProject "FamilyFinanceTest" */ = {
			isa = XCConfigurationList;
			buildConfigurations = (
				3E32071322C235AC00FF0E3E /* Debug */,
				3E32071422C235AC00FF0E3E /* Release */,
			);
			defaultConfigurationIsVisible = 0;
			defaultConfigurationName = Release;
		};
		3E32071522C235AC00FF0E3E /* Build configuration list for PBXNativeTarget "FamilyFinanceTest" */ = {
			isa = XCConfigurationList;
			buildConfigurations = (
				3E32071622C235AC00FF0E3E /* Debug */,
				3E32071722C235AC00FF0E3E /* Release */,
			);
			defaultConfigurationIsVisible = 0;
			defaultConfigurationName = Release;
		};
/* End XCConfigurationList section */

/* Begin XCVersionGroup section */
		3E32070A22C235AB00FF0E3E /* FamilyFinanceTest.xcdatamodeld */ = {
			isa = XCVersionGroup;
			children = (
				3E32070B22C235AB00FF0E3E /* FamilyFinanceTest.xcdatamodel */,
			);
			currentVersion = 3E32070B22C235AB00FF0E3E /* FamilyFinanceTest.xcdatamodel */;
			path = FamilyFinanceTest.xcdatamodeld;
			sourceTree = "<group>";
			versionGroupType = wrapper.xcdatamodel;
		};
/* End XCVersionGroup section */
	};
	rootObject = 3E3206F822C235AB00FF0E3E /* Project object */;
}
